
Microsoft Visual Studio Solution File, Format Version 12.00
# Visual Studio Version 16
VisualStudioVersion = 16.0.29709.97
MinimumVisualStudioVersion = 10.0.40219.1
Project("{FAE04EC0-301F-11D3-BF4B-00C04F79EFBC}") = "AltnCrossAPI", "AltnCrossAPI.csproj", "{D6C2E4FB-77BB-4F2D-B2EE-49F955B45CD3}"
EndProject
Global
	GlobalSection(SolutionConfigurationPlatforms) = preSolution
		Debug|Any CPU = Debug|Any CPU
		Release|Any CPU = Release|Any CPU
	EndGlobalSection
	GlobalSection(ProjectConfigurationPlatforms) = postSolution
		{D6C2E4FB-77BB-4F2D-B2EE-49F955B45CD3}.Debug|Any CPU.ActiveCfg = Debug|Any CPU
		{D6C2E4FB-77BB-4F2D-B2EE-49F955B45CD3}.Debug|Any CPU.Build.0 = Debug|Any CPU
		{D6C2E4FB-77BB-4F2D-B2EE-49F955B45CD3}.Release|Any CPU.ActiveCfg = Release|Any CPU
		{D6C2E4FB-77BB-4F2D-B2EE-49F955B45CD3}.Release|Any CPU.Build.0 = Release|Any CPU
	EndGlobalSection
	GlobalSection(SolutionProperties) = preSolution
		HideSolutionNode = FALSE
	EndGlobalSection
	GlobalSection(ExtensibilityGlobals) = postSolution
		SolutionGuid = {D9C2C3C9-A40E-4300-96CF-AB42EA1B68D2}
	EndGlobalSection
EndGlobal
